
Microsoft Visual Studio Solution File, Format Version 12.00
# Visual Studio Version 16
VisualStudioVersion = 16.0.31702.278
MinimumVisualStudioVersion = 10.0.40219.1
Project("{FAE04EC0-301F-11D3-BF4B-00C04F79EFBC}") = "EstruturaDecisão", "EstruturaDecisão\EstruturaDecisão.csproj", "{DBC7ABCD-B76D-4279-86F3-941ABC662A8B}"
EndProject
Global
	GlobalSection(SolutionConfigurationPlatforms) = preSolution
		Debug|Any CPU = Debug|Any CPU
		Release|Any CPU = Release|Any CPU
	EndGlobalSection
	GlobalSection(ProjectConfigurationPlatforms) = postSolution
		{DBC7ABCD-B76D-4279-86F3-941ABC662A8B}.Debug|Any CPU.ActiveCfg = Debug|Any CPU
		{DBC7ABCD-B76D-4279-86F3-941ABC662A8B}.Debug|Any CPU.Build.0 = Debug|Any CPU
		{DBC7ABCD-B76D-4279-86F3-941ABC662A8B}.Release|Any CPU.ActiveCfg = Release|Any CPU
		{DBC7ABCD-B76D-4279-86F3-941ABC662A8B}.Release|Any CPU.Build.0 = Release|Any CPU
	EndGlobalSection
	GlobalSection(SolutionProperties) = preSolution
		HideSolutionNode = FALSE
	EndGlobalSection
	GlobalSection(ExtensibilityGlobals) = postSolution
		SolutionGuid = {20221E6F-2C87-4A6F-8CE2-D7C1BB7AB60A}
	EndGlobalSection
EndGlobal
